# This is a Gradle generated file for dependency locking.
# Manual edits can break the build and are not advised.
# This file is expected to be part of source control.
com.github.stephenc.jcip:jcip-annotations:1.0-1=compileClasspath
com.google.auto.service:auto-service-annotations:1.1.1=annotationProcessor,compileClasspath
com.google.auto.service:auto-service:1.1.1=annotationProcessor,compileClasspath
com.google.auto.value:auto-value-annotations:1.11.1=compileClasspath
com.google.auto.value:auto-value:1.11.1=annotationProcessor
com.google.auto:auto-common:1.2.1=annotationProcessor,compileClasspath
com.google.code.findbugs:jsr305:3.0.2=annotationProcessor,compileClasspath,spotless1972418317
com.google.errorprone:error_prone_annotations:2.18.0=annotationProcessor,compileClasspath
com.google.errorprone:error_prone_annotations:2.2.0=spotless1972418317
com.google.errorprone:javac-shaded:9+181-r4173-1=spotless1972418317
com.google.googlejavaformat:google-java-format:1.7=spotless1972418317
com.google.guava:failureaccess:1.0.1=annotationProcessor,compileClasspath,spotless1972418317
com.google.guava:guava-parent:32.1.2-jre=compileClasspath
com.google.guava:guava:27.0.1-jre=spotless1972418317
com.google.guava:guava:32.0.1-jre=annotationProcessor
com.google.guava:guava:32.1.2-jre=compileClasspath
com.google.guava:listenablefuture:9999.0-empty-to-avoid-conflict-with-guava=annotationProcessor,compileClasspath,spotless1972418317
com.google.j2objc:j2objc-annotations:1.1=spotless1972418317
com.google.j2objc:j2objc-annotations:2.8=annotationProcessor,compileClasspath
commons-codec:commons-codec:1.17.2=compileClasspath
commons-io:commons-io:2.19.0=compileClasspath
net.sf.jopt-simple:jopt-simple:5.0.4=compileClasspath
org.apache.commons:commons-csv:1.13.0=compileClasspath
org.apache.commons:commons-lang3:3.18.0=compileClasspath
org.checkerframework:checker-qual:2.5.2=spotless1972418317
org.checkerframework:checker-qual:3.33.0=annotationProcessor
org.checkerframework:checker-qual:3.51.0=compileClasspath
org.codehaus.mojo:animal-sniffer-annotations:1.17=spotless1972418317
org.slf4j:slf4j-api:1.7.36=compileClasspath
org.springframework:spring-beans:5.3.39=compileClasspath
org.springframework:spring-core:5.3.39=compileClasspath
org.springframework:spring-jdbc:5.3.39=compileClasspath
org.springframework:spring-tx:5.3.39=compileClasspath
empty=
